
Microsoft Visual Studio Solution File, Format Version 12.00
# Visual Studio Version 17
VisualStudioVersion = 17.0.32002.185
MinimumVisualStudioVersion = 10.0.40219.1
Project("{FAE04EC0-301F-11D3-BF4B-00C04F79EFBC}") = "ReadXML", "ReadXML.csproj", "{C9D0A8FD-14B8-41DD-B97C-4E70F288E560}"
EndProject
Global
	GlobalSection(SolutionConfigurationPlatforms) = preSolution
		Debug|Any CPU = Debug|Any CPU
		Release|Any CPU = Release|Any CPU
	EndGlobalSection
	GlobalSection(ProjectConfigurationPlatforms) = postSolution
		{C9D0A8FD-14B8-41DD-B97C-4E70F288E560}.Debug|Any CPU.ActiveCfg = Debug|Any CPU
		{C9D0A8FD-14B8-41DD-B97C-4E70F288E560}.Debug|Any CPU.Build.0 = Debug|Any CPU
		{C9D0A8FD-14B8-41DD-B97C-4E70F288E560}.Release|Any CPU.ActiveCfg = Release|Any CPU
		{C9D0A8FD-14B8-41DD-B97C-4E70F288E560}.Release|Any CPU.Build.0 = Release|Any CPU
	EndGlobalSection
	GlobalSection(SolutionProperties) = preSolution
		HideSolutionNode = FALSE
	EndGlobalSection
	GlobalSection(ExtensibilityGlobals) = postSolution
		SolutionGuid = {0CA4F75B-2E7F-4779-BD4D-08A80E7CB98B}
	EndGlobalSection
EndGlobal
